
Microsoft Visual Studio Solution File, Format Version 12.00
# Visual Studio 15
VisualStudioVersion = 15.0.28010.2046
MinimumVisualStudioVersion = 10.0.40219.1
Project("{FAE04EC0-301F-11D3-BF4B-00C04F79EFBC}") = "SumOfTwoNumbers", "SumOfTwoNumbers\SumOfTwoNumbers.csproj", "{E776F24F-6F25-4E62-BC5A-42F318A8FB42}"
EndProject
Project("{FAE04EC0-301F-11D3-BF4B-00C04F79EFBC}") = "DivideTwoNumbers", "DivideTwoNumbers\DivideTwoNumbers.csproj", "{E50D4188-3A84-4AED-950C-DCF302AF91EF}"
EndProject
Project("{FAE04EC0-301F-11D3-BF4B-00C04F79EFBC}") = "ProductOfTwoInputs", "ProductOfTwoInputs\ProductOfTwoInputs.csproj", "{19C8E29C-0997-4717-8ADD-0A3262B08B49}"
EndProject
Project("{FAE04EC0-301F-11D3-BF4B-00C04F79EFBC}") = "MultiplicationTable", "MultiplicationTable\MultiplicationTable.csproj", "{27FF95EA-18FC-45D1-A1A3-9A33FF84224E}"
EndProject
Project("{FAE04EC0-301F-11D3-BF4B-00C04F79EFBC}") = "AreaAndPerimeterOfCircleFromRadius", "AreaAndPerimeterOfCircleFromRadius\AreaAndPerimeterOfCircleFromRadius.csproj", "{A85508E1-509D-415D-B0A8-1094B9BF4790}"
EndProject
Project("{FAE04EC0-301F-11D3-BF4B-00C04F79EFBC}") = "SwapTwoVariables", "SwapTwoVariables\SwapTwoVariables.csproj", "{90B73998-E422-4400-94CD-6E87C81C8BF6}"
EndProject
Project("{FAE04EC0-301F-11D3-BF4B-00C04F79EFBC}") = "OneThousandRandomFourDigitNumbers", "OneThousandRandomFourDigitNumbers\OneThousandRandomFourDigitNumbers.csproj", "{A6828C45-4703-4812-8D70-CF60C993038C}"
EndProject
Project("{FAE04EC0-301F-11D3-BF4B-00C04F79EFBC}") = "OneHundredUniqueRandomThreeDigitNumbers", "OneHundredUniqueRandomThreeDigitNumbers\OneHundredUniqueRandomThreeDigitNumbers.csproj", "{919BCFD0-87CC-42C3-B358-E265F892D652}"
EndProject
Project("{FAE04EC0-301F-11D3-BF4B-00C04F79EFBC}") = "ArrayContainsVsManuallyCheckingForUniqueNumbers", "ArrayContainsVsManuallyCheckingForUniqueNumbers\ArrayContainsVsManuallyCheckingForUniqueNumbers.csproj", "{E35024A1-95B1-4D52-858E-50005FFB91E1}"
EndProject
Project("{FAE04EC0-301F-11D3-BF4B-00C04F79EFBC}") = "CustomClasses", "CustomClasses\CustomClasses.csproj", "{8C900024-1CEF-4236-A3BB-44C349A15A9A}"
EndProject
Project("{FAE04EC0-301F-11D3-BF4B-00C04F79EFBC}") = "Hello", "Hello\Hello.csproj", "{B99DE7CC-0016-4E39-8C03-DA840309F2B5}"
EndProject
Global
	GlobalSection(SolutionConfigurationPlatforms) = preSolution
		Debug|Any CPU = Debug|Any CPU
		Release|Any CPU = Release|Any CPU
	EndGlobalSection
	GlobalSection(ProjectConfigurationPlatforms) = postSolution
		{E776F24F-6F25-4E62-BC5A-42F318A8FB42}.Debug|Any CPU.ActiveCfg = Debug|Any CPU
		{E776F24F-6F25-4E62-BC5A-42F318A8FB42}.Debug|Any CPU.Build.0 = Debug|Any CPU
		{E776F24F-6F25-4E62-BC5A-42F318A8FB42}.Release|Any CPU.ActiveCfg = Release|Any CPU
		{E776F24F-6F25-4E62-BC5A-42F318A8FB42}.Release|Any CPU.Build.0 = Release|Any CPU
		{E50D4188-3A84-4AED-950C-DCF302AF91EF}.Debug|Any CPU.ActiveCfg = Debug|Any CPU
		{E50D4188-3A84-4AED-950C-DCF302AF91EF}.Debug|Any CPU.Build.0 = Debug|Any CPU
		{E50D4188-3A84-4AED-950C-DCF302AF91EF}.Release|Any CPU.ActiveCfg = Release|Any CPU
		{E50D4188-3A84-4AED-950C-DCF302AF91EF}.Release|Any CPU.Build.0 = Release|Any CPU
		{19C8E29C-0997-4717-8ADD-0A3262B08B49}.Debug|Any CPU.ActiveCfg = Debug|Any CPU
		{19C8E29C-0997-4717-8ADD-0A3262B08B49}.Debug|Any CPU.Build.0 = Debug|Any CPU
		{19C8E29C-0997-4717-8ADD-0A3262B08B49}.Release|Any CPU.ActiveCfg = Release|Any CPU
		{19C8E29C-0997-4717-8ADD-0A3262B08B49}.Release|Any CPU.Build.0 = Release|Any CPU
		{27FF95EA-18FC-45D1-A1A3-9A33FF84224E}.Debug|Any CPU.ActiveCfg = Debug|Any CPU
		{27FF95EA-18FC-45D1-A1A3-9A33FF84224E}.Debug|Any CPU.Build.0 = Debug|Any CPU
		{27FF95EA-18FC-45D1-A1A3-9A33FF84224E}.Release|Any CPU.ActiveCfg = Release|Any CPU
		{27FF95EA-18FC-45D1-A1A3-9A33FF84224E}.Release|Any CPU.Build.0 = Release|Any CPU
		{A85508E1-509D-415D-B0A8-1094B9BF4790}.Debug|Any CPU.ActiveCfg = Debug|Any CPU
		{A85508E1-509D-415D-B0A8-1094B9BF4790}.Debug|Any CPU.Build.0 = Debug|Any CPU
		{A85508E1-509D-415D-B0A8-1094B9BF4790}.Release|Any CPU.ActiveCfg = Release|Any CPU
		{A85508E1-509D-415D-B0A8-1094B9BF4790}.Release|Any CPU.Build.0 = Release|Any CPU
		{90B73998-E422-4400-94CD-6E87C81C8BF6}.Debug|Any CPU.ActiveCfg = Debug|Any CPU
		{90B73998-E422-4400-94CD-6E87C81C8BF6}.Debug|Any CPU.Build.0 = Debug|Any CPU
		{90B73998-E422-4400-94CD-6E87C81C8BF6}.Release|Any CPU.ActiveCfg = Release|Any CPU
		{90B73998-E422-4400-94CD-6E87C81C8BF6}.Release|Any CPU.Build.0 = Release|Any CPU
		{A6828C45-4703-4812-8D70-CF60C993038C}.Debug|Any CPU.ActiveCfg = Debug|Any CPU
		{A6828C45-4703-4812-8D70-CF60C993038C}.Debug|Any CPU.Build.0 = Debug|Any CPU
		{A6828C45-4703-4812-8D70-CF60C993038C}.Release|Any CPU.ActiveCfg = Release|Any CPU
		{A6828C45-4703-4812-8D70-CF60C993038C}.Release|Any CPU.Build.0 = Release|Any CPU
		{919BCFD0-87CC-42C3-B358-E265F892D652}.Debug|Any CPU.ActiveCfg = Debug|Any CPU
		{919BCFD0-87CC-42C3-B358-E265F892D652}.Debug|Any CPU.Build.0 = Debug|Any CPU
		{919BCFD0-87CC-42C3-B358-E265F892D652}.Release|Any CPU.ActiveCfg = Release|Any CPU
		{919BCFD0-87CC-42C3-B358-E265F892D652}.Release|Any CPU.Build.0 = Release|Any CPU
		{E35024A1-95B1-4D52-858E-50005FFB91E1}.Debug|Any CPU.ActiveCfg = Debug|Any CPU
		{E35024A1-95B1-4D52-858E-50005FFB91E1}.Debug|Any CPU.Build.0 = Debug|Any CPU
		{E35024A1-95B1-4D52-858E-50005FFB91E1}.Release|Any CPU.ActiveCfg = Release|Any CPU
		{E35024A1-95B1-4D52-858E-50005FFB91E1}.Release|Any CPU.Build.0 = Release|Any CPU
		{8C900024-1CEF-4236-A3BB-44C349A15A9A}.Debug|Any CPU.ActiveCfg = Debug|Any CPU
		{8C900024-1CEF-4236-A3BB-44C349A15A9A}.Debug|Any CPU.Build.0 = Debug|Any CPU
		{8C900024-1CEF-4236-A3BB-44C349A15A9A}.Release|Any CPU.ActiveCfg = Release|Any CPU
		{8C900024-1CEF-4236-A3BB-44C349A15A9A}.Release|Any CPU.Build.0 = Release|Any CPU
		{B99DE7CC-0016-4E39-8C03-DA840309F2B5}.Debug|Any CPU.ActiveCfg = Debug|Any CPU
		{B99DE7CC-0016-4E39-8C03-DA840309F2B5}.Debug|Any CPU.Build.0 = Debug|Any CPU
		{B99DE7CC-0016-4E39-8C03-DA840309F2B5}.Release|Any CPU.ActiveCfg = Release|Any CPU
		{B99DE7CC-0016-4E39-8C03-DA840309F2B5}.Release|Any CPU.Build.0 = Release|Any CPU
	EndGlobalSection
	GlobalSection(SolutionProperties) = preSolution
		HideSolutionNode = FALSE
	EndGlobalSection
	GlobalSection(ExtensibilityGlobals) = postSolution
		SolutionGuid = {F6C7256D-2E6B-4E75-9936-9F779E57CA84}
	EndGlobalSection
EndGlobal
